
Microsoft Visual Studio Solution File, Format Version 12.00
# Visual Studio 15
VisualStudioVersion = 15.0.27428.2015
MinimumVisualStudioVersion = 10.0.40219.1
Project("{9A19103F-16F7-4668-BE54-9A1E7A4F7556}") = "Decorator_issues", "Decorator_issues\Decorator_issues.csproj", "{839069E1-27E4-424B-B764-A938552556F3}"
EndProject
Project("{9A19103F-16F7-4668-BE54-9A1E7A4F7556}") = "Decorator", "Decorator\Decorator.csproj", "{C7E02224-6008-46C3-ACC0-F3F8CBE58ED8}"
EndProject
Project("{9A19103F-16F7-4668-BE54-9A1E7A4F7556}") = "SingleResponsibilityPrinciple", "SingleResponsibilityPrinciple\SingleResponsibilityPrinciple.csproj", "{44A5245C-AE3B-444D-AA56-5CC805B81D26}"
EndProject
Project("{9A19103F-16F7-4668-BE54-9A1E7A4F7556}") = "OpenClosedPrinciple", "OpenClosedPrinciple\OpenClosedPrinciple.csproj", "{95C70915-476D-4C2F-AF2F-D59BBF47400B}"
EndProject
Project("{9A19103F-16F7-4668-BE54-9A1E7A4F7556}") = "LiskovSubstitutionPrinciple", "LiskovSubstitutionPrinciple\LiskovSubstitutionPrinciple.csproj", "{F681B053-A94F-43D6-BD7F-5D852A5C14B2}"
EndProject
Project("{9A19103F-16F7-4668-BE54-9A1E7A4F7556}") = "InterfaceSegregationPrinciple", "InterfaceSegregationPrinciple\InterfaceSegregationPrinciple.csproj", "{27908852-E5B1-4EE5-838C-1E09F23493D0}"
EndProject
Project("{9A19103F-16F7-4668-BE54-9A1E7A4F7556}") = "DependencyInversionPrinciple", "DependencyInversionPrinciple\DependencyInversionPrinciple.csproj", "{8F43A88F-D82F-43B2-A488-02B026D3278D}"
EndProject
Project("{9A19103F-16F7-4668-BE54-9A1E7A4F7556}") = "BuilderPattern", "BuilderPattern\BuilderPattern.csproj", "{2A967DB5-7D7E-4C3B-A8F2-62BB844F8F8E}"
EndProject
Project("{FAE04EC0-301F-11D3-BF4B-00C04F79EFBC}") = "Strategy", "Strategy\Strategy.csproj", "{89147D2F-80A3-4517-A917-94B4E7A040B3}"
EndProject
Global
	GlobalSection(SolutionConfigurationPlatforms) = preSolution
		Debug|Any CPU = Debug|Any CPU
		Release|Any CPU = Release|Any CPU
	EndGlobalSection
	GlobalSection(ProjectConfigurationPlatforms) = postSolution
		{839069E1-27E4-424B-B764-A938552556F3}.Debug|Any CPU.ActiveCfg = Debug|Any CPU
		{839069E1-27E4-424B-B764-A938552556F3}.Debug|Any CPU.Build.0 = Debug|Any CPU
		{839069E1-27E4-424B-B764-A938552556F3}.Release|Any CPU.ActiveCfg = Release|Any CPU
		{839069E1-27E4-424B-B764-A938552556F3}.Release|Any CPU.Build.0 = Release|Any CPU
		{C7E02224-6008-46C3-ACC0-F3F8CBE58ED8}.Debug|Any CPU.ActiveCfg = Debug|Any CPU
		{C7E02224-6008-46C3-ACC0-F3F8CBE58ED8}.Debug|Any CPU.Build.0 = Debug|Any CPU
		{C7E02224-6008-46C3-ACC0-F3F8CBE58ED8}.Release|Any CPU.ActiveCfg = Release|Any CPU
		{C7E02224-6008-46C3-ACC0-F3F8CBE58ED8}.Release|Any CPU.Build.0 = Release|Any CPU
		{44A5245C-AE3B-444D-AA56-5CC805B81D26}.Debug|Any CPU.ActiveCfg = Debug|Any CPU
		{44A5245C-AE3B-444D-AA56-5CC805B81D26}.Debug|Any CPU.Build.0 = Debug|Any CPU
		{44A5245C-AE3B-444D-AA56-5CC805B81D26}.Release|Any CPU.ActiveCfg = Release|Any CPU
		{44A5245C-AE3B-444D-AA56-5CC805B81D26}.Release|Any CPU.Build.0 = Release|Any CPU
		{95C70915-476D-4C2F-AF2F-D59BBF47400B}.Debug|Any CPU.ActiveCfg = Debug|Any CPU
		{95C70915-476D-4C2F-AF2F-D59BBF47400B}.Debug|Any CPU.Build.0 = Debug|Any CPU
		{95C70915-476D-4C2F-AF2F-D59BBF47400B}.Release|Any CPU.ActiveCfg = Release|Any CPU
		{95C70915-476D-4C2F-AF2F-D59BBF47400B}.Release|Any CPU.Build.0 = Release|Any CPU
		{F681B053-A94F-43D6-BD7F-5D852A5C14B2}.Debug|Any CPU.ActiveCfg = Debug|Any CPU
		{F681B053-A94F-43D6-BD7F-5D852A5C14B2}.Debug|Any CPU.Build.0 = Debug|Any CPU
		{F681B053-A94F-43D6-BD7F-5D852A5C14B2}.Release|Any CPU.ActiveCfg = Release|Any CPU
		{F681B053-A94F-43D6-BD7F-5D852A5C14B2}.Release|Any CPU.Build.0 = Release|Any CPU
		{27908852-E5B1-4EE5-838C-1E09F23493D0}.Debug|Any CPU.ActiveCfg = Debug|Any CPU
		{27908852-E5B1-4EE5-838C-1E09F23493D0}.Debug|Any CPU.Build.0 = Debug|Any CPU
		{27908852-E5B1-4EE5-838C-1E09F23493D0}.Release|Any CPU.ActiveCfg = Release|Any CPU
		{27908852-E5B1-4EE5-838C-1E09F23493D0}.Release|Any CPU.Build.0 = Release|Any CPU
		{8F43A88F-D82F-43B2-A488-02B026D3278D}.Debug|Any CPU.ActiveCfg = Debug|Any CPU
		{8F43A88F-D82F-43B2-A488-02B026D3278D}.Debug|Any CPU.Build.0 = Debug|Any CPU
		{8F43A88F-D82F-43B2-A488-02B026D3278D}.Release|Any CPU.ActiveCfg = Release|Any CPU
		{8F43A88F-D82F-43B2-A488-02B026D3278D}.Release|Any CPU.Build.0 = Release|Any CPU
		{2A967DB5-7D7E-4C3B-A8F2-62BB844F8F8E}.Debug|Any CPU.ActiveCfg = Debug|Any CPU
		{2A967DB5-7D7E-4C3B-A8F2-62BB844F8F8E}.Debug|Any CPU.Build.0 = Debug|Any CPU
		{2A967DB5-7D7E-4C3B-A8F2-62BB844F8F8E}.Release|Any CPU.ActiveCfg = Release|Any CPU
		{2A967DB5-7D7E-4C3B-A8F2-62BB844F8F8E}.Release|Any CPU.Build.0 = Release|Any CPU
		{89147D2F-80A3-4517-A917-94B4E7A040B3}.Debug|Any CPU.ActiveCfg = Debug|Any CPU
		{89147D2F-80A3-4517-A917-94B4E7A040B3}.Debug|Any CPU.Build.0 = Debug|Any CPU
		{89147D2F-80A3-4517-A917-94B4E7A040B3}.Release|Any CPU.ActiveCfg = Release|Any CPU
		{89147D2F-80A3-4517-A917-94B4E7A040B3}.Release|Any CPU.Build.0 = Release|Any CPU
	EndGlobalSection
	GlobalSection(SolutionProperties) = preSolution
		HideSolutionNode = FALSE
	EndGlobalSection
	GlobalSection(ExtensibilityGlobals) = postSolution
		SolutionGuid = {6CD11C83-DF32-4C04-B9C7-D9CD4C8C96FD}
	EndGlobalSection
EndGlobal
